
Microsoft Visual Studio Solution File, Format Version 11.00
# Visual Studio 2010
Project("{8BC9CEB8-8B4A-11D0-8D11-00A0C91BC942}") = "obbdec_lcs", "obbdec_lcs\obbdec_lcs.vcxproj", "{CB7C7E8A-B9FB-4B9C-A1FC-98F6765A3AB8}"
EndProject
Project("{8BC9CEB8-8B4A-11D0-8D11-00A0C91BC942}") = "makeobb_lcs", "makeobb_lcs\makeobb_lcs.vcxproj", "{5B322D13-460A-4DC5-B615-49C68C79E9C3}"
EndProject
Global
	GlobalSection(SolutionConfigurationPlatforms) = preSolution
		Debug|Win32 = Debug|Win32
		Release|Win32 = Release|Win32
	EndGlobalSection
	GlobalSection(ProjectConfigurationPlatforms) = postSolution
		{CB7C7E8A-B9FB-4B9C-A1FC-98F6765A3AB8}.Debug|Win32.ActiveCfg = Debug|Win32
		{CB7C7E8A-B9FB-4B9C-A1FC-98F6765A3AB8}.Debug|Win32.Build.0 = Debug|Win32
		{CB7C7E8A-B9FB-4B9C-A1FC-98F6765A3AB8}.Release|Win32.ActiveCfg = Release|Win32
		{CB7C7E8A-B9FB-4B9C-A1FC-98F6765A3AB8}.Release|Win32.Build.0 = Release|Win32
		{5B322D13-460A-4DC5-B615-49C68C79E9C3}.Debug|Win32.ActiveCfg = Debug|Win32
		{5B322D13-460A-4DC5-B615-49C68C79E9C3}.Debug|Win32.Build.0 = Debug|Win32
		{5B322D13-460A-4DC5-B615-49C68C79E9C3}.Release|Win32.ActiveCfg = Release|Win32
		{5B322D13-460A-4DC5-B615-49C68C79E9C3}.Release|Win32.Build.0 = Release|Win32
	EndGlobalSection
	GlobalSection(SolutionProperties) = preSolution
		HideSolutionNode = FALSE
	EndGlobalSection
EndGlobal
